Microsoft Visual Studio Solution File, Format Version 12.00
# Visual Studio Version 17
VisualStudioVersion = 17.5.2.0
MinimumVisualStudioVersion = 10.0.40219.1
Project("{FAE04EC0-301F-11D3-BF4B-00C04F79EFBC}") = "AiGeneratedApp", "AiGeneratedApp.csproj", "{5852E82F-DE72-1E1E-EFF5-7FDA648E45C9}"
EndProject
Global
	GlobalSection(SolutionConfigurationPlatforms) = preSolution
		Debug|Any CPU = Debug|Any CPU
		Release|Any CPU = Release|Any CPU
	EndGlobalSection
	GlobalSection(ProjectConfigurationPlatforms) = postSolution
		{5852E82F-DE72-1E1E-EFF5-7FDA648E45C9}.Debug|Any CPU.ActiveCfg = Debug|Any CPU
		{5852E82F-DE72-1E1E-EFF5-7FDA648E45C9}.Debug|Any CPU.Build.0 = Debug|Any CPU
		{5852E82F-DE72-1E1E-EFF5-7FDA648E45C9}.Release|Any CPU.ActiveCfg = Release|Any CPU
		{5852E82F-DE72-1E1E-EFF5-7FDA648E45C9}.Release|Any CPU.Build.0 = Release|Any CPU
	EndGlobalSection
	GlobalSection(SolutionProperties) = preSolution
		HideSolutionNode = FALSE
	EndGlobalSection
	GlobalSection(ExtensibilityGlobals) = postSolution
		SolutionGuid = {35759A61-352B-4C81-94EA-FE2DBC4636E5}
	EndGlobalSection
EndGlobal
